
Microsoft Visual Studio Solution File, Format Version 12.00
# Visual Studio Version 16
VisualStudioVersion = 16.0.30320.27
MinimumVisualStudioVersion = 10.0.40219.1
Project("{FAE04EC0-301F-11D3-BF4B-00C04F79EFBC}") = "BookDataGridView", "BookDataGridView\BookDataGridView.csproj", "{CEA9A9B9-9EEB-4F99-8EA0-1E1A2EA140B2}"
EndProject
Project("{FAE04EC0-301F-11D3-BF4B-00C04F79EFBC}") = "BusinessLayer", "ProductService\BusinessLayer.csproj", "{945C4DF5-3A26-4107-A345-1A342AB9C9A7}"
EndProject
Project("{FAE04EC0-301F-11D3-BF4B-00C04F79EFBC}") = "DataAccessLayer", "DataAccess\DataAccessLayer.csproj", "{7201A0B9-1983-4D9B-A7A1-37471634394D}"
EndProject
Global
	GlobalSection(SolutionConfigurationPlatforms) = preSolution
		Debug|Any CPU = Debug|Any CPU
		Release|Any CPU = Release|Any CPU
	EndGlobalSection
	GlobalSection(ProjectConfigurationPlatforms) = postSolution
		{CEA9A9B9-9EEB-4F99-8EA0-1E1A2EA140B2}.Debug|Any CPU.ActiveCfg = Debug|Any CPU
		{CEA9A9B9-9EEB-4F99-8EA0-1E1A2EA140B2}.Debug|Any CPU.Build.0 = Debug|Any CPU
		{CEA9A9B9-9EEB-4F99-8EA0-1E1A2EA140B2}.Release|Any CPU.ActiveCfg = Release|Any CPU
		{CEA9A9B9-9EEB-4F99-8EA0-1E1A2EA140B2}.Release|Any CPU.Build.0 = Release|Any CPU
		{945C4DF5-3A26-4107-A345-1A342AB9C9A7}.Debug|Any CPU.ActiveCfg = Debug|Any CPU
		{945C4DF5-3A26-4107-A345-1A342AB9C9A7}.Debug|Any CPU.Build.0 = Debug|Any CPU
		{945C4DF5-3A26-4107-A345-1A342AB9C9A7}.Release|Any CPU.ActiveCfg = Release|Any CPU
		{945C4DF5-3A26-4107-A345-1A342AB9C9A7}.Release|Any CPU.Build.0 = Release|Any CPU
		{7201A0B9-1983-4D9B-A7A1-37471634394D}.Debug|Any CPU.ActiveCfg = Debug|Any CPU
		{7201A0B9-1983-4D9B-A7A1-37471634394D}.Debug|Any CPU.Build.0 = Debug|Any CPU
		{7201A0B9-1983-4D9B-A7A1-37471634394D}.Release|Any CPU.ActiveCfg = Release|Any CPU
		{7201A0B9-1983-4D9B-A7A1-37471634394D}.Release|Any CPU.Build.0 = Release|Any CPU
	EndGlobalSection
	GlobalSection(SolutionProperties) = preSolution
		HideSolutionNode = FALSE
	EndGlobalSection
	GlobalSection(ExtensibilityGlobals) = postSolution
		SolutionGuid = {086D811B-066F-4E1F-B084-813668AB873C}
	EndGlobalSection
EndGlobal
